<?xml version="1.0" encoding="utf-8"?>
<Project ToolsVersion="4.0" xmlns="http://schemas.microsoft.com/developer/msbuild/2003">
  <ItemGroup>
    <Filter Include="Source Files">
      <UniqueIdentifier>{4FC737F1-C7A5-4376-A066-2A32D752A2FF}</UniqueIdentifier>
      <Extensions>cpp;c;cc;cxx;def;odl;idl;hpj;bat;asm;asmx</Extensions>
    </Filter>
    <Filter Include="Header Files">
      <UniqueIdentifier>{93995380-89BD-4b04-88EB-625FBE52EBFB}</UniqueIdentifier>
      <Extensions>h;hh;hpp;hxx;hm;inl;inc;xsd</Extensions>
    </Filter>
    <Filter Include="RtMidi">
      <UniqueIdentifier>{effe7dda-01d4-4123-9624-dedbd2f522f3}</UniqueIdentifier>
    </Filter>
    <Filter Include="Tests">
      <UniqueIdentifier>{78cd687e-4c68-4196-b697-40778d30abb9}</UniqueIdentifier>
    </Filter>
    <Filter Include="gui">
      <UniqueIdentifier>{0c409f2c-ea1c-49e0-8af0-43dbda359ce3}</UniqueIdentifier>
    </Filter>
  </ItemGroup>
  <ItemGroup>
    <ClCompile Include="generators.cpp">
      <Filter>Source Files</Filter>
    </ClCompile>
    <ClCompile Include="main.cpp">
      <Filter>Source Files</Filter>
    </ClCompile>
    <ClCompile Include="synth.cpp">
      <Filter>Source Files</Filter>
    </ClCompile>
    <ClCompile Include="gui.cpp">
      <Filter>Source Files</Filter>
    </ClCompile>
    <ClCompile Include="tones.cpp">
      <Filter>Source Files</Filter>
    </ClCompile>
    <ClCompile Include="effects.cpp">
      <Filter>Source Files</Filter>
    </ClCompile>
    <ClCompile Include="test\test.cpp">
      <Filter>Tests</Filter>
    </ClCompile>
    <ClCompile Include="gui\Button.cpp">
      <Filter>gui</Filter>
    </ClCompile>
    <ClCompile Include="gui\Oscilloscope.cpp">
      <Filter>gui</Filter>
    </ClCompile>
    <ClCompile Include="gui\Slider.cpp">
      <Filter>gui</Filter>
    </ClCompile>
    <ClCompile Include="gui\SynthKeyboard.cpp">
      <Filter>gui</Filter>
    </ClCompile>
    <ClCompile Include="gui\TextDisplay.cpp">
      <Filter>gui</Filter>
    </ClCompile>
    <ClCompile Include="gui\Window.cpp">
      <Filter>gui</Filter>
    </ClCompile>
    <ClCompile Include="gui\GuiElement.cpp">
      <Filter>gui</Filter>
    </ClCompile>
    <ClCompile Include="utility.cpp">
      <Filter>Source Files</Filter>
    </ClCompile>
    <ClCompile Include="gui\events.cpp">
      <Filter>gui</Filter>
    </ClCompile>
    <ClCompile Include="RtMidi\RtMidi.cpp">
      <Filter>RtMidi</Filter>
    </ClCompile>
    <ClCompile Include="synthMain.cpp">
      <Filter>Source Files</Filter>
    </ClCompile>
  </ItemGroup>
  <ItemGroup>
    <ClInclude Include="generators.h">
      <Filter>Header Files</Filter>
    </ClInclude>
    <ClInclude Include="synth.h">
      <Filter>Header Files</Filter>
    </ClInclude>
    <ClInclude Include="gui.h">
      <Filter>Header Files</Filter>
    </ClInclude>
    <ClInclude Include="tones.h">
      <Filter>Header Files</Filter>
    </ClInclude>
    <ClInclude Include="effects.h">
      <Filter>Header Files</Filter>
    </ClInclude>
    <ClInclude Include="test\test.h">
      <Filter>Tests</Filter>
    </ClInclude>
    <ClInclude Include="utility.h">
      <Filter>Header Files</Filter>
    </ClInclude>
    <ClInclude Include="gui\Button.h">
      <Filter>gui</Filter>
    </ClInclude>
    <ClInclude Include="gui\Oscilloscope.h">
      <Filter>gui</Filter>
    </ClInclude>
    <ClInclude Include="gui\Slider.h">
      <Filter>gui</Filter>
    </ClInclude>
    <ClInclude Include="gui\SynthKeyboard.h">
      <Filter>gui</Filter>
    </ClInclude>
    <ClInclude Include="gui\TextDisplay.h">
      <Filter>gui</Filter>
    </ClInclude>
    <ClInclude Include="gui\Window.h">
      <Filter>gui</Filter>
    </ClInclude>
    <ClInclude Include="gui\GuiElement.h">
      <Filter>gui</Filter>
    </ClInclude>
    <ClInclude Include="guiElements.h">
      <Filter>Header Files</Filter>
    </ClInclude>
    <ClInclude Include="gui\events.h">
      <Filter>gui</Filter>
    </ClInclude>
    <ClInclude Include="RtMidi\RtMidi.h">
      <Filter>RtMidi</Filter>
    </ClInclude>
    <ClInclude Include="synthMain.h">
      <Filter>Header Files</Filter>
    </ClInclude>
  </ItemGroup>
</Project>