<?xml version="1.0" encoding="utf-8"?>
<Project ToolsVersion="4.0" xmlns="http://schemas.microsoft.com/developer/msbuild/2003">
  <ItemGroup>
    <Filter Include="Core">
      <UniqueIdentifier>{b8115da6-46bc-4414-9896-be0172be9820}</UniqueIdentifier>
    </Filter>
    <Filter Include="Core\AudioFile">
      <UniqueIdentifier>{aa171bf5-235b-4d06-a1c0-9dc3728ec4a7}</UniqueIdentifier>
    </Filter>
    <Filter Include="Gui">
      <UniqueIdentifier>{0c409f2c-ea1c-49e0-8af0-43dbda359ce3}</UniqueIdentifier>
    </Filter>
    <Filter Include="Gui\RtMidi">
      <UniqueIdentifier>{effe7dda-01d4-4123-9624-dedbd2f522f3}</UniqueIdentifier>
    </Filter>
    <Filter Include="SynthMain">
      <UniqueIdentifier>{f4bb2d05-df10-4485-b466-225b93475cf7}</UniqueIdentifier>
    </Filter>
    <Filter Include="Test">
      <UniqueIdentifier>{42dfbc99-e3dc-4765-9d98-3d955ae30438}</UniqueIdentifier>
    </Filter>
  </ItemGroup>
  <ItemGroup>
    <ClCompile Include="gui\Button.cpp">
      <Filter>Gui</Filter>
    </ClCompile>
    <ClCompile Include="gui\Oscilloscope.cpp">
      <Filter>Gui</Filter>
    </ClCompile>
    <ClCompile Include="gui\Slider.cpp">
      <Filter>Gui</Filter>
    </ClCompile>
    <ClCompile Include="gui\SynthKeyboard.cpp">
      <Filter>Gui</Filter>
    </ClCompile>
    <ClCompile Include="gui\TextDisplay.cpp">
      <Filter>Gui</Filter>
    </ClCompile>
    <ClCompile Include="gui\Window.cpp">
      <Filter>Gui</Filter>
    </ClCompile>
    <ClCompile Include="gui\GuiElement.cpp">
      <Filter>Gui</Filter>
    </ClCompile>
    <ClCompile Include="gui\events.cpp">
      <Filter>Gui</Filter>
    </ClCompile>
    <ClCompile Include="gui\MenuOption.cpp">
      <Filter>Gui</Filter>
    </ClCompile>
    <ClCompile Include="gui\Frame.cpp">
      <Filter>Gui</Filter>
    </ClCompile>
    <ClCompile Include="gui\RtMidi\RtMidi.cpp">
      <Filter>Gui\RtMidi</Filter>
    </ClCompile>
    <ClCompile Include="gui\Configurable.cpp">
      <Filter>Gui</Filter>
    </ClCompile>
    <ClCompile Include="gui\Input.cpp">
      <Filter>Gui</Filter>
    </ClCompile>
    <ClCompile Include="core\effects.cpp">
      <Filter>Core</Filter>
    </ClCompile>
    <ClCompile Include="core\generators.cpp">
      <Filter>Core</Filter>
    </ClCompile>
    <ClCompile Include="core\Instrument.cpp">
      <Filter>Core</Filter>
    </ClCompile>
    <ClCompile Include="core\SynthStream.cpp">
      <Filter>Core</Filter>
    </ClCompile>
    <ClCompile Include="core\tones.cpp">
      <Filter>Core</Filter>
    </ClCompile>
    <ClCompile Include="core\AudioFile\AudioFile.cpp">
      <Filter>Core\AudioFile</Filter>
    </ClCompile>
    <ClCompile Include="core\utility.cpp">
      <Filter>Core</Filter>
    </ClCompile>
    <ClCompile Include="synthMain\gui.cpp">
      <Filter>SynthMain</Filter>
    </ClCompile>
    <ClCompile Include="synthMain\synthMain.cpp">
      <Filter>SynthMain</Filter>
    </ClCompile>
    <ClCompile Include="main.cpp" />
    <ClCompile Include="test\testMain.cpp">
      <Filter>Test</Filter>
    </ClCompile>
    <ClCompile Include="test\testGui.cpp">
      <Filter>Test</Filter>
    </ClCompile>
    <ClCompile Include="test\testGenerator.cpp">
      <Filter>Test</Filter>
    </ClCompile>
  </ItemGroup>
  <ItemGroup>
    <ClInclude Include="gui\Button.h">
      <Filter>Gui</Filter>
    </ClInclude>
    <ClInclude Include="gui\Oscilloscope.h">
      <Filter>Gui</Filter>
    </ClInclude>
    <ClInclude Include="gui\Slider.h">
      <Filter>Gui</Filter>
    </ClInclude>
    <ClInclude Include="gui\SynthKeyboard.h">
      <Filter>Gui</Filter>
    </ClInclude>
    <ClInclude Include="gui\TextDisplay.h">
      <Filter>Gui</Filter>
    </ClInclude>
    <ClInclude Include="gui\Window.h">
      <Filter>Gui</Filter>
    </ClInclude>
    <ClInclude Include="gui\GuiElement.h">
      <Filter>Gui</Filter>
    </ClInclude>
    <ClInclude Include="gui\events.h">
      <Filter>Gui</Filter>
    </ClInclude>
    <ClInclude Include="gui\MenuOption.h">
      <Filter>Gui</Filter>
    </ClInclude>
    <ClInclude Include="gui\Frame.h">
      <Filter>Gui</Filter>
    </ClInclude>
    <ClInclude Include="gui\GuiElements.h">
      <Filter>Gui</Filter>
    </ClInclude>
    <ClInclude Include="gui\RtMidi\RtMidi.h">
      <Filter>Gui\RtMidi</Filter>
    </ClInclude>
    <ClInclude Include="gui\Input.h">
      <Filter>Gui</Filter>
    </ClInclude>
    <ClInclude Include="core\effects.h">
      <Filter>Core</Filter>
    </ClInclude>
    <ClInclude Include="core\generators.h">
      <Filter>Core</Filter>
    </ClInclude>
    <ClInclude Include="core\Instrument.h">
      <Filter>Core</Filter>
    </ClInclude>
    <ClInclude Include="core\SynthStream.h">
      <Filter>Core</Filter>
    </ClInclude>
    <ClInclude Include="core\tones.h">
      <Filter>Core</Filter>
    </ClInclude>
    <ClInclude Include="core\AudioFile\AudioFile.h">
      <Filter>Core\AudioFile</Filter>
    </ClInclude>
    <ClInclude Include="core\utility.h">
      <Filter>Core</Filter>
    </ClInclude>
    <ClInclude Include="synthMain\gui.h">
      <Filter>SynthMain</Filter>
    </ClInclude>
    <ClInclude Include="synthMain\synthMain.h">
      <Filter>SynthMain</Filter>
    </ClInclude>
    <ClInclude Include="test\test.h">
      <Filter>Test</Filter>
    </ClInclude>
  </ItemGroup>
  <ItemGroup>
    <None Include="gui\Configurable.h">
      <Filter>Gui</Filter>
    </None>
  </ItemGroup>
</Project>